// !$*UTF8*$!
{
	archiveVersion = 1;
	classes = {
	};
	objectVersion = 51;
	objects = {

/* Begin PBXBuildFile section */
		241BA23D17C4D8B3D0F82D4C /* Pods_alephbeth.framework in Frameworks */ = {isa = PBXBuildFile; fileRef = E19CF96D30FE3BD10ADDF6C0 /* Pods_alephbeth.framework */; };
		D71AFB7124626D470027400E /* Letters.swift in Sources */ = {isa = PBXBuildFile; fileRef = D71AFB7024626D470027400E /* Letters.swift */; };
		D73BCE88245BE8F2001B5A35 /* AppDelegate.swift in Sources */ = {isa = PBXBuildFile; fileRef = D73BCE87245BE8F2001B5A35 /* AppDelegate.swift */; };
		D73BCE8A245BE8F2001B5A35 /* SceneDelegate.swift in Sources */ = {isa = PBXBuildFile; fileRef = D73BCE89245BE8F2001B5A35 /* SceneDelegate.swift */; };
		D73BCE8C245BE8F2001B5A35 /* ContentView.swift in Sources */ = {isa = PBXBuildFile; fileRef = D73BCE8B245BE8F2001B5A35 /* ContentView.swift */; };
		D73BCE8E245BE8F7001B5A35 /* Assets.xcassets in Resources */ = {isa = PBXBuildFile; fileRef = D73BCE8D245BE8F7001B5A35 /* Assets.xcassets */; };
		D73BCE91245BE8F7001B5A35 /* Preview Assets.xcassets in Resources */ = {isa = PBXBuildFile; fileRef = D73BCE90245BE8F7001B5A35 /* Preview Assets.xcassets */; };
		D73BCE94245BE8F7001B5A35 /* LaunchScreen.storyboard in Resources */ = {isa = PBXBuildFile; fileRef = D73BCE92245BE8F7001B5A35 /* LaunchScreen.storyboard */; };
		D759442A2461501E002B46B3 /* ktavyadclm-mediumitalic-webfont.ttf in Resources */ = {isa = PBXBuildFile; fileRef = D75944292461501E002B46B3 /* ktavyadclm-mediumitalic-webfont.ttf */; };
		D759442C246152D4002B46B3 /* Dana Yad Alef Alef Alef Normal.ttf in Resources */ = {isa = PBXBuildFile; fileRef = D759442B246152D4002B46B3 /* Dana Yad Alef Alef Alef Normal.ttf */; };
		D77262642460EE1600D0E547 /* KtavYadCLM-BoldItalic.ttf in Resources */ = {isa = PBXBuildFile; fileRef = D77262632460EC7E00D0E547 /* KtavYadCLM-BoldItalic.ttf */; };
		D77262662461067700D0E547 /* Yoav Cursive.ttf in Resources */ = {isa = PBXBuildFile; fileRef = D77262652461067700D0E547 /* Yoav Cursive.ttf */; };
		D7A5D9182464C9C500C5F3FD /* Banner.swift in Sources */ = {isa = PBXBuildFile; fileRef = D7A5D9172464C9C500C5F3FD /* Banner.swift */; };
		D7C8D138248757EC0098C674 /* SettingView.swift in Sources */ = {isa = PBXBuildFile; fileRef = D7C8D137248757EC0098C674 /* SettingView.swift */; };
		D7D6162224651F8900954E8E /* English.html in Resources */ = {isa = PBXBuildFile; fileRef = D7D6162124651F8900954E8E /* English.html */; };
		D7D616242465214F00954E8E /* Japanese.html in Resources */ = {isa = PBXBuildFile; fileRef = D7D616232465214F00954E8E /* Japanese.html */; };
		D7F40344245CE99D0059232C /* NonLetter.swift in Sources */ = {isa = PBXBuildFile; fileRef = D7F40343245CE99D0059232C /* NonLetter.swift */; };
		D7F40349245CF1B90059232C /* Data.swift in Sources */ = {isa = PBXBuildFile; fileRef = D7F40348245CF1B90059232C /* Data.swift */; };
		D7F4034C245CFF210059232C /* letterData.json in Resources */ = {isa = PBXBuildFile; fileRef = D7F40345245CEA9D0059232C /* letterData.json */; };
		D7F4034E245D20600059232C /* UserData.swift in Sources */ = {isa = PBXBuildFile; fileRef = D7F4034D245D20600059232C /* UserData.swift */; };
		D7FB63AA245FA03400662D4E /* MainView.swift in Sources */ = {isa = PBXBuildFile; fileRef = D7FB63A9245FA03400662D4E /* MainView.swift */; };
		D7FB63AC245FA17600662D4E /* LetterList.swift in Sources */ = {isa = PBXBuildFile; fileRef = D7FB63AB245FA17600662D4E /* LetterList.swift */; };
		D7FB63B0245FA4AB00662D4E /* ResultView.swift in Sources */ = {isa = PBXBuildFile; fileRef = D7FB63AF245FA4AB00662D4E /* ResultView.swift */; };
		D7FB63B4245FA5FF00662D4E /* LetterRow.swift in Sources */ = {isa = PBXBuildFile; fileRef = D7FB63B3245FA5FF00662D4E /* LetterRow.swift */; };
		D7FB63B6245FB21C00662D4E /* LetterExplanation.swift in Sources */ = {isa = PBXBuildFile; fileRef = D7FB63B5245FB21C00662D4E /* LetterExplanation.swift */; };
/* End PBXBuildFile section */

/* Begin PBXFileReference section */
		2B50572E034CF4853729F077 /* Pods-alephbeth.release.xcconfig */ = {isa = PBXFileReference; includeInIndex = 1; lastKnownFileType = text.xcconfig; name = "Pods-alephbeth.release.xcconfig"; path = "Target Support Files/Pods-alephbeth/Pods-alephbeth.release.xcconfig"; sourceTree = "<group>"; };
		D71AFB7024626D470027400E /* Letters.swift */ = {isa = PBXFileReference; lastKnownFileType = sourcecode.swift; path = Letters.swift; sourceTree = "<group>"; };
		D73BCE84245BE8F2001B5A35 /* AlephBeth.app */ = {isa = PBXFileReference; explicitFileType = wrapper.application; includeInIndex = 0; path = AlephBeth.app; sourceTree = BUILT_PRODUCTS_DIR; };
		D73BCE87245BE8F2001B5A35 /* AppDelegate.swift */ = {isa = PBXFileReference; lastKnownFileType = sourcecode.swift; path = AppDelegate.swift; sourceTree = "<group>"; };
		D73BCE89245BE8F2001B5A35 /* SceneDelegate.swift */ = {isa = PBXFileReference; lastKnownFileType = sourcecode.swift; path = SceneDelegate.swift; sourceTree = "<group>"; };
		D73BCE8B245BE8F2001B5A35 /* ContentView.swift */ = {isa = PBXFileReference; lastKnownFileType = sourcecode.swift; path = ContentView.swift; sourceTree = "<group>"; };
		D73BCE8D245BE8F7001B5A35 /* Assets.xcassets */ = {isa = PBXFileReference; lastKnownFileType = folder.assetcatalog; path = Assets.xcassets; sourceTree = "<group>"; };
		D73BCE90245BE8F7001B5A35 /* Preview Assets.xcassets */ = {isa = PBXFileReference; lastKnownFileType = folder.assetcatalog; path = "Preview Assets.xcassets"; sourceTree = "<group>"; };
		D73BCE93245BE8F7001B5A35 /* Base */ = {isa = PBXFileReference; lastKnownFileType = file.storyboard; name = Base; path = Base.lproj/LaunchScreen.storyboard; sourceTree = "<group>"; };
		D73BCE95245BE8F7001B5A35 /* Info.plist */ = {isa = PBXFileReference; lastKnownFileType = text.plist.xml; path = Info.plist; sourceTree = "<group>"; };
		D75944292461501E002B46B3 /* ktavyadclm-mediumitalic-webfont.ttf */ = {isa = PBXFileReference; lastKnownFileType = file; path = "ktavyadclm-mediumitalic-webfont.ttf"; sourceTree = "<group>"; };
		D759442B246152D4002B46B3 /* Dana Yad Alef Alef Alef Normal.ttf */ = {isa = PBXFileReference; lastKnownFileType = file; path = "Dana Yad Alef Alef Alef Normal.ttf"; sourceTree = "<group>"; };
		D77262632460EC7E00D0E547 /* KtavYadCLM-BoldItalic.ttf */ = {isa = PBXFileReference; lastKnownFileType = file; path = "KtavYadCLM-BoldItalic.ttf"; sourceTree = "<group>"; };
		D77262652461067700D0E547 /* Yoav Cursive.ttf */ = {isa = PBXFileReference; lastKnownFileType = file; path = "Yoav Cursive.ttf"; sourceTree = "<group>"; };
		D7A5D9172464C9C500C5F3FD /* Banner.swift */ = {isa = PBXFileReference; lastKnownFileType = sourcecode.swift; path = Banner.swift; sourceTree = "<group>"; };
		D7C8D137248757EC0098C674 /* SettingView.swift */ = {isa = PBXFileReference; lastKnownFileType = sourcecode.swift; path = SettingView.swift; sourceTree = "<group>"; };
		D7D6162124651F8900954E8E /* English.html */ = {isa = PBXFileReference; lastKnownFileType = text.html; path = English.html; sourceTree = "<group>"; };
		D7D616232465214F00954E8E /* Japanese.html */ = {isa = PBXFileReference; lastKnownFileType = text.html; path = Japanese.html; sourceTree = "<group>"; };
		D7F40343245CE99D0059232C /* NonLetter.swift */ = {isa = PBXFileReference; lastKnownFileType = sourcecode.swift; path = NonLetter.swift; sourceTree = "<group>"; };
		D7F40345245CEA9D0059232C /* letterData.json */ = {isa = PBXFileReference; lastKnownFileType = text.json; path = letterData.json; sourceTree = "<group>"; };
		D7F40348245CF1B90059232C /* Data.swift */ = {isa = PBXFileReference; lastKnownFileType = sourcecode.swift; path = Data.swift; sourceTree = "<group>"; };
		D7F4034D245D20600059232C /* UserData.swift */ = {isa = PBXFileReference; lastKnownFileType = sourcecode.swift; path = UserData.swift; sourceTree = "<group>"; };
		D7FB63A9245FA03400662D4E /* MainView.swift */ = {isa = PBXFileReference; lastKnownFileType = sourcecode.swift; path = MainView.swift; sourceTree = "<group>"; };
		D7FB63AB245FA17600662D4E /* LetterList.swift */ = {isa = PBXFileReference; lastKnownFileType = sourcecode.swift; path = LetterList.swift; sourceTree = "<group>"; };
		D7FB63AF245FA4AB00662D4E /* ResultView.swift */ = {isa = PBXFileReference; lastKnownFileType = sourcecode.swift; path = ResultView.swift; sourceTree = "<group>"; };
		D7FB63B3245FA5FF00662D4E /* LetterRow.swift */ = {isa = PBXFileReference; lastKnownFileType = sourcecode.swift; path = LetterRow.swift; sourceTree = "<group>"; };
		D7FB63B5245FB21C00662D4E /* LetterExplanation.swift */ = {isa = PBXFileReference; lastKnownFileType = sourcecode.swift; path = LetterExplanation.swift; sourceTree = "<group>"; };
		E19CF96D30FE3BD10ADDF6C0 /* Pods_alephbeth.framework */ = {isa = PBXFileReference; explicitFileType = wrapper.framework; includeInIndex = 0; path = Pods_alephbeth.framework; sourceTree = BUILT_PRODUCTS_DIR; };
		FB4E13A62E9B3AB65CB9CD02 /* Pods-alephbeth.debug.xcconfig */ = {isa = PBXFileReference; includeInIndex = 1; lastKnownFileType = text.xcconfig; name = "Pods-alephbeth.debug.xcconfig"; path = "Target Support Files/Pods-alephbeth/Pods-alephbeth.debug.xcconfig"; sourceTree = "<group>"; };
/* End PBXFileReference section */

/* Begin PBXFrameworksBuildPhase section */
		D73BCE81245BE8F2001B5A35 /* Frameworks */ = {
			isa = PBXFrameworksBuildPhase;
			buildActionMask = 2147483647;
			files = (
				241BA23D17C4D8B3D0F82D4C /* Pods_alephbeth.framework in Frameworks */,
			);
			runOnlyForDeploymentPostprocessing = 0;
		};
/* End PBXFrameworksBuildPhase section */

/* Begin PBXGroup section */
		4776F24A9C6F4C49B1933510 /* Frameworks */ = {
			isa = PBXGroup;
			children = (
				E19CF96D30FE3BD10ADDF6C0 /* Pods_alephbeth.framework */,
			);
			name = Frameworks;
			sourceTree = "<group>";
		};
		A47C150C32D429BAED129009 /* Pods */ = {
			isa = PBXGroup;
			children = (
				FB4E13A62E9B3AB65CB9CD02 /* Pods-alephbeth.debug.xcconfig */,
				2B50572E034CF4853729F077 /* Pods-alephbeth.release.xcconfig */,
			);
			path = Pods;
			sourceTree = "<group>";
		};
		D73BCE7B245BE8F2001B5A35 = {
			isa = PBXGroup;
			children = (
				D7D6161F24651F1E00954E8E /* docs */,
				D73BCE86245BE8F2001B5A35 /* alephbeth */,
				D73BCE85245BE8F2001B5A35 /* Products */,
				A47C150C32D429BAED129009 /* Pods */,
				4776F24A9C6F4C49B1933510 /* Frameworks */,
			);
			sourceTree = "<group>";
		};
		D73BCE85245BE8F2001B5A35 /* Products */ = {
			isa = PBXGroup;
			children = (
				D73BCE84245BE8F2001B5A35 /* AlephBeth.app */,
			);
			name = Products;
			sourceTree = "<group>";
		};
		D73BCE86245BE8F2001B5A35 /* alephbeth */ = {
			isa = PBXGroup;
			children = (
				D73BCE87245BE8F2001B5A35 /* AppDelegate.swift */,
				D73BCE89245BE8F2001B5A35 /* SceneDelegate.swift */,
				D7FB63A9245FA03400662D4E /* MainView.swift */,
				D73BCE8B245BE8F2001B5A35 /* ContentView.swift */,
				D7FB63AF245FA4AB00662D4E /* ResultView.swift */,
				D7FB63AB245FA17600662D4E /* LetterList.swift */,
				D7FB63B5245FB21C00662D4E /* LetterExplanation.swift */,
				D7FB63B3245FA5FF00662D4E /* LetterRow.swift */,
				D7C8D137248757EC0098C674 /* SettingView.swift */,
				D7A5D9172464C9C500C5F3FD /* Banner.swift */,
				D7F40346245CF0B20059232C /* Models */,
				D73BCE8D245BE8F7001B5A35 /* Assets.xcassets */,
				D73BCE92245BE8F7001B5A35 /* LaunchScreen.storyboard */,
				D77262622460EB8300D0E547 /* Fonts */,
				D7F40347245CF0CE0059232C /* Resources */,
				D73BCE95245BE8F7001B5A35 /* Info.plist */,
				D73BCE8F245BE8F7001B5A35 /* Preview Content */,
			);
			path = alephbeth;
			sourceTree = "<group>";
		};
		D73BCE8F245BE8F7001B5A35 /* Preview Content */ = {
			isa = PBXGroup;
			children = (
				D73BCE90245BE8F7001B5A35 /* Preview Assets.xcassets */,
			);
			path = "Preview Content";
			sourceTree = "<group>";
		};
		D77262622460EB8300D0E547 /* Fonts */ = {
			isa = PBXGroup;
			children = (
				D759442B246152D4002B46B3 /* Dana Yad Alef Alef Alef Normal.ttf */,
				D75944292461501E002B46B3 /* ktavyadclm-mediumitalic-webfont.ttf */,
				D77262652461067700D0E547 /* Yoav Cursive.ttf */,
				D77262632460EC7E00D0E547 /* KtavYadCLM-BoldItalic.ttf */,
			);
			path = Fonts;
			sourceTree = "<group>";
		};
		D7D6161F24651F1E00954E8E /* docs */ = {
			isa = PBXGroup;
			children = (
				D7D6162024651F4B00954E8E /* PrivacyPolicy */,
			);
			path = docs;
			sourceTree = "<group>";
		};
		D7D6162024651F4B00954E8E /* PrivacyPolicy */ = {
			isa = PBXGroup;
			children = (
				D7D6162124651F8900954E8E /* English.html */,
				D7D616232465214F00954E8E /* Japanese.html */,
			);
			path = PrivacyPolicy;
			sourceTree = "<group>";
		};
		D7F40346245CF0B20059232C /* Models */ = {
			isa = PBXGroup;
			children = (
				D7F40343245CE99D0059232C /* NonLetter.swift */,
				D7F40348245CF1B90059232C /* Data.swift */,
				D7F4034D245D20600059232C /* UserData.swift */,
				D71AFB7024626D470027400E /* Letters.swift */,
			);
			path = Models;
			sourceTree = "<group>";
		};
		D7F40347245CF0CE0059232C /* Resources */ = {
			isa = PBXGroup;
			children = (
				D7F40345245CEA9D0059232C /* letterData.json */,
			);
			path = Resources;
			sourceTree = "<group>";
		};
/* End PBXGroup section */

/* Begin PBXNativeTarget section */
		D73BCE83245BE8F2001B5A35 /* alephbeth */ = {
			isa = PBXNativeTarget;
			buildConfigurationList = D73BCE98245BE8F7001B5A35 /* Build configuration list for PBXNativeTarget "alephbeth" */;
			buildPhases = (
				29949AA792DAF3CB54409B12 /* [CP] Check Pods Manifest.lock */,
				D73BCE80245BE8F2001B5A35 /* Sources */,
				D73BCE81245BE8F2001B5A35 /* Frameworks */,
				D73BCE82245BE8F2001B5A35 /* Resources */,
				6E5EAF2A2DF672467952FA87 /* [CP] Embed Pods Frameworks */,
			);
			buildRules = (
			);
			dependencies = (
			);
			name = alephbeth;
			productName = alephbeth;
			productReference = D73BCE84245BE8F2001B5A35 /* AlephBeth.app */;
			productType = "com.apple.product-type.application";
		};
/* End PBXNativeTarget section */

/* Begin PBXProject section */
		D73BCE7C245BE8F2001B5A35 /* Project object */ = {
			isa = PBXProject;
			attributes = {
				LastSwiftUpdateCheck = 1140;
				LastUpgradeCheck = 1140;
				ORGANIZATIONNAME = "御堂 大嗣";
				TargetAttributes = {
					D73BCE83245BE8F2001B5A35 = {
						CreatedOnToolsVersion = 11.4.1;
					};
				};
			};
			buildConfigurationList = D73BCE7F245BE8F2001B5A35 /* Build configuration list for PBXProject "alephbeth" */;
			compatibilityVersion = "Xcode 9.3";
			developmentRegion = en;
			hasScannedForEncodings = 0;
			knownRegions = (
				en,
				Base,
			);
			mainGroup = D73BCE7B245BE8F2001B5A35;
			productRefGroup = D73BCE85245BE8F2001B5A35 /* Products */;
			projectDirPath = "";
			projectRoot = "";
			targets = (
				D73BCE83245BE8F2001B5A35 /* alephbeth */,
			);
		};
/* End PBXProject section */

/* Begin PBXResourcesBuildPhase section */
		D73BCE82245BE8F2001B5A35 /* Resources */ = {
			isa = PBXResourcesBuildPhase;
			buildActionMask = 2147483647;
			files = (
				D77262662461067700D0E547 /* Yoav Cursive.ttf in Resources */,
				D7F4034C245CFF210059232C /* letterData.json in Resources */,
				D73BCE94245BE8F7001B5A35 /* LaunchScreen.storyboard in Resources */,
				D7D6162224651F8900954E8E /* English.html in Resources */,
				D759442A2461501E002B46B3 /* ktavyadclm-mediumitalic-webfont.ttf in Resources */,
				D7D616242465214F00954E8E /* Japanese.html in Resources */,
				D73BCE91245BE8F7001B5A35 /* Preview Assets.xcassets in Resources */,
				D759442C246152D4002B46B3 /* Dana Yad Alef Alef Alef Normal.ttf in Resources */,
				D73BCE8E245BE8F7001B5A35 /* Assets.xcassets in Resources */,
				D77262642460EE1600D0E547 /* KtavYadCLM-BoldItalic.ttf in Resources */,
			);
			runOnlyForDeploymentPostprocessing = 0;
		};
/* End PBXResourcesBuildPhase section */

/* Begin PBXShellScriptBuildPhase section */
		29949AA792DAF3CB54409B12 /* [CP] Check Pods Manifest.lock */ = {
			isa = PBXShellScriptBuildPhase;
			buildActionMask = 2147483647;
			files = (
			);
			inputFileListPaths = (
			);
			inputPaths = (
				"${PODS_PODFILE_DIR_PATH}/Podfile.lock",
				"${PODS_ROOT}/Manifest.lock",
			);
			name = "[CP] Check Pods Manifest.lock";
			outputFileListPaths = (
			);
			outputPaths = (
				"$(DERIVED_FILE_DIR)/Pods-alephbeth-checkManifestLockResult.txt",
			);
			runOnlyForDeploymentPostprocessing = 0;
			shellPath = /bin/sh;
			shellScript = "diff \"${PODS_PODFILE_DIR_PATH}/Podfile.lock\" \"${PODS_ROOT}/Manifest.lock\" > /dev/null\nif [ $? != 0 ] ; then\n    # print error to STDERR\n    echo \"error: The sandbox is not in sync with the Podfile.lock. Run 'pod install' or update your CocoaPods installation.\" >&2\n    exit 1\nfi\n# This output is used by Xcode 'outputs' to avoid re-running this script phase.\necho \"SUCCESS\" > \"${SCRIPT_OUTPUT_FILE_0}\"\n";
			showEnvVarsInLog = 0;
		};
		6E5EAF2A2DF672467952FA87 /* [CP] Embed Pods Frameworks */ = {
			isa = PBXShellScriptBuildPhase;
			buildActionMask = 2147483647;
			files = (
			);
			inputFileListPaths = (
				"${PODS_ROOT}/Target Support Files/Pods-alephbeth/Pods-alephbeth-frameworks-${CONFIGURATION}-input-files.xcfilelist",
			);
			name = "[CP] Embed Pods Frameworks";
			outputFileListPaths = (
				"${PODS_ROOT}/Target Support Files/Pods-alephbeth/Pods-alephbeth-frameworks-${CONFIGURATION}-output-files.xcfilelist",
			);
			runOnlyForDeploymentPostprocessing = 0;
			shellPath = /bin/sh;
			shellScript = "\"${PODS_ROOT}/Target Support Files/Pods-alephbeth/Pods-alephbeth-frameworks.sh\"\n";
			showEnvVarsInLog = 0;
		};
/* End PBXShellScriptBuildPhase section */

/* Begin PBXSourcesBuildPhase section */
		D73BCE80245BE8F2001B5A35 /* Sources */ = {
			isa = PBXSourcesBuildPhase;
			buildActionMask = 2147483647;
			files = (
				D7F4034E245D20600059232C /* UserData.swift in Sources */,
				D7FB63AC245FA17600662D4E /* LetterList.swift in Sources */,
				D7A5D9182464C9C500C5F3FD /* Banner.swift in Sources */,
				D7C8D138248757EC0098C674 /* SettingView.swift in Sources */,
				D7FB63B0245FA4AB00662D4E /* ResultView.swift in Sources */,
				D71AFB7124626D470027400E /* Letters.swift in Sources */,
				D7FB63AA245FA03400662D4E /* MainView.swift in Sources */,
				D7FB63B4245FA5FF00662D4E /* LetterRow.swift in Sources */,
				D73BCE88245BE8F2001B5A35 /* AppDelegate.swift in Sources */,
				D7F40349245CF1B90059232C /* Data.swift in Sources */,
				D73BCE8A245BE8F2001B5A35 /* SceneDelegate.swift in Sources */,
				D7FB63B6245FB21C00662D4E /* LetterExplanation.swift in Sources */,
				D73BCE8C245BE8F2001B5A35 /* ContentView.swift in Sources */,
				D7F40344245CE99D0059232C /* NonLetter.swift in Sources */,
			);
			runOnlyForDeploymentPostprocessing = 0;
		};
/* End PBXSourcesBuildPhase section */

/* Begin PBXVariantGroup section */
		D73BCE92245BE8F7001B5A35 /* LaunchScreen.storyboard */ = {
			isa = PBXVariantGroup;
			children = (
				D73BCE93245BE8F7001B5A35 /* Base */,
			);
			name = LaunchScreen.storyboard;
			sourceTree = "<group>";
		};
/* End PBXVariantGroup section */

/* Begin XCBuildConfiguration section */
		D73BCE96245BE8F7001B5A35 /* Debug */ = {
			isa = XCBuildConfiguration;
			buildSettings = {
				ALWAYS_SEARCH_USER_PATHS = NO;
				CLANG_ANALYZER_NONNULL = YES;
				CLANG_ANALYZER_NUMBER_OBJECT_CONVERSION = YES_AGGRESSIVE;
				CLANG_CXX_LANGUAGE_STANDARD = "gnu++14";
				CLANG_CXX_LIBRARY = "libc++";
				CLANG_ENABLE_MODULES = YES;
				CLANG_ENABLE_OBJC_ARC = YES;
				CLANG_ENABLE_OBJC_WEAK = YES;
				CLANG_WARN_BLOCK_CAPTURE_AUTORELEASING = YES;
				CLANG_WARN_BOOL_CONVERSION = YES;
				CLANG_WARN_COMMA = YES;
				CLANG_WARN_CONSTANT_CONVERSION = YES;
				CLANG_WARN_DEPRECATED_OBJC_IMPLEMENTATIONS = YES;
				CLANG_WARN_DIRECT_OBJC_ISA_USAGE = YES_ERROR;
				CLANG_WARN_DOCUMENTATION_COMMENTS = YES;
				CLANG_WARN_EMPTY_BODY = YES;
				CLANG_WARN_ENUM_CONVERSION = YES;
				CLANG_WARN_INFINITE_RECURSION = YES;
				CLANG_WARN_INT_CONVERSION = YES;
				CLANG_WARN_NON_LITERAL_NULL_CONVERSION = YES;
				CLANG_WARN_OBJC_IMPLICIT_RETAIN_SELF = YES;
				CLANG_WARN_OBJC_LITERAL_CONVERSION = YES;
				CLANG_WARN_OBJC_ROOT_CLASS = YES_ERROR;
				CLANG_WARN_RANGE_LOOP_ANALYSIS = YES;
				CLANG_WARN_STRICT_PROTOTYPES = YES;
				CLANG_WARN_SUSPICIOUS_MOVE = YES;
				CLANG_WARN_UNGUARDED_AVAILABILITY = YES_AGGRESSIVE;
				CLANG_WARN_UNREACHABLE_CODE = YES;
				CLANG_WARN__DUPLICATE_METHOD_MATCH = YES;
				COPY_PHASE_STRIP = NO;
				DEBUG_INFORMATION_FORMAT = dwarf;
				ENABLE_STRICT_OBJC_MSGSEND = YES;
				ENABLE_TESTABILITY = YES;
				GCC_C_LANGUAGE_STANDARD = gnu11;
				GCC_DYNAMIC_NO_PIC = NO;
				GCC_NO_COMMON_BLOCKS = YES;
				GCC_OPTIMIZATION_LEVEL = 0;
				GCC_PREPROCESSOR_DEFINITIONS = (
					"DEBUG=1",
					"$(inherited)",
				);
				GCC_WARN_64_TO_32_BIT_CONVERSION = YES;
				GCC_WARN_ABOUT_RETURN_TYPE = YES_ERROR;
				GCC_WARN_UNDECLARED_SELECTOR = YES;
				GCC_WARN_UNINITIALIZED_AUTOS = YES_AGGRESSIVE;
				GCC_WARN_UNUSED_FUNCTION = YES;
				GCC_WARN_UNUSED_VARIABLE = YES;
				IPHONEOS_DEPLOYMENT_TARGET = 13.4;
				MTL_ENABLE_DEBUG_INFO = INCLUDE_SOURCE;
				MTL_FAST_MATH = YES;
				ONLY_ACTIVE_ARCH = YES;
				SDKROOT = iphoneos;
				SWIFT_ACTIVE_COMPILATION_CONDITIONS = DEBUG;
				SWIFT_OPTIMIZATION_LEVEL = "-Onone";
			};
			name = Debug;
		};
		D73BCE97245BE8F7001B5A35 /* Release */ = {
			isa = XCBuildConfiguration;
			buildSettings = {
				ALWAYS_SEARCH_USER_PATHS = NO;
				CLANG_ANALYZER_NONNULL = YES;
				CLANG_ANALYZER_NUMBER_OBJECT_CONVERSION = YES_AGGRESSIVE;
				CLANG_CXX_LANGUAGE_STANDARD = "gnu++14";
				CLANG_CXX_LIBRARY = "libc++";
				CLANG_ENABLE_MODULES = YES;
				CLANG_ENABLE_OBJC_ARC = YES;
				CLANG_ENABLE_OBJC_WEAK = YES;
				CLANG_WARN_BLOCK_CAPTURE_AUTORELEASING = YES;
				CLANG_WARN_BOOL_CONVERSION = YES;
				CLANG_WARN_COMMA = YES;
				CLANG_WARN_CONSTANT_CONVERSION = YES;
				CLANG_WARN_DEPRECATED_OBJC_IMPLEMENTATIONS = YES;
				CLANG_WARN_DIRECT_OBJC_ISA_USAGE = YES_ERROR;
				CLANG_WARN_DOCUMENTATION_COMMENTS = YES;
				CLANG_WARN_EMPTY_BODY = YES;
				CLANG_WARN_ENUM_CONVERSION = YES;
				CLANG_WARN_INFINITE_RECURSION = YES;
				CLANG_WARN_INT_CONVERSION = YES;
				CLANG_WARN_NON_LITERAL_NULL_CONVERSION = YES;
				CLANG_WARN_OBJC_IMPLICIT_RETAIN_SELF = YES;
				CLANG_WARN_OBJC_LITERAL_CONVERSION = YES;
				CLANG_WARN_OBJC_ROOT_CLASS = YES_ERROR;
				CLANG_WARN_RANGE_LOOP_ANALYSIS = YES;
				CLANG_WARN_STRICT_PROTOTYPES = YES;
				CLANG_WARN_SUSPICIOUS_MOVE = YES;
				CLANG_WARN_UNGUARDED_AVAILABILITY = YES_AGGRESSIVE;
				CLANG_WARN_UNREACHABLE_CODE = YES;
				CLANG_WARN__DUPLICATE_METHOD_MATCH = YES;
				COPY_PHASE_STRIP = NO;
				DEBUG_INFORMATION_FORMAT = "dwarf-with-dsym";
				ENABLE_NS_ASSERTIONS = NO;
				ENABLE_STRICT_OBJC_MSGSEND = YES;
				GCC_C_LANGUAGE_STANDARD = gnu11;
				GCC_NO_COMMON_BLOCKS = YES;
				GCC_WARN_64_TO_32_BIT_CONVERSION = YES;
				GCC_WARN_ABOUT_RETURN_TYPE = YES_ERROR;
				GCC_WARN_UNDECLARED_SELECTOR = YES;
				GCC_WARN_UNINITIALIZED_AUTOS = YES_AGGRESSIVE;
				GCC_WARN_UNUSED_FUNCTION = YES;
				GCC_WARN_UNUSED_VARIABLE = YES;
				IPHONEOS_DEPLOYMENT_TARGET = 13.4;
				MTL_ENABLE_DEBUG_INFO = NO;
				MTL_FAST_MATH = YES;
				SDKROOT = iphoneos;
				SWIFT_COMPILATION_MODE = wholemodule;
				SWIFT_OPTIMIZATION_LEVEL = "-O";
				VALIDATE_PRODUCT = YES;
			};
			name = Release;
		};
		D73BCE99245BE8F7001B5A35 /* Debug */ = {
			isa = XCBuildConfiguration;
			baseConfigurationReference = FB4E13A62E9B3AB65CB9CD02 /* Pods-alephbeth.debug.xcconfig */;
			buildSettings = {
				ASSETCATALOG_COMPILER_APPICON_NAME = AppIcon;
				CODE_SIGN_STYLE = Automatic;
				DEVELOPMENT_ASSET_PATHS = "\"alephbeth/Preview Content\"";
				DEVELOPMENT_TEAM = J725X5QT6Y;
				ENABLE_PREVIEWS = YES;
				INFOPLIST_FILE = alephbeth/Info.plist;
				LD_RUNPATH_SEARCH_PATHS = (
					"$(inherited)",
					"@executable_path/Frameworks",
				);
				PRODUCT_BUNDLE_IDENTIFIER = jp.dommydyson.ios.alephbeth;
				PRODUCT_NAME = AlephBeth;
				SWIFT_VERSION = 5.0;
				TARGETED_DEVICE_FAMILY = "1,2";
			};
			name = Debug;
		};
		D73BCE9A245BE8F7001B5A35 /* Release */ = {
			isa = XCBuildConfiguration;
			baseConfigurationReference = 2B50572E034CF4853729F077 /* Pods-alephbeth.release.xcconfig */;
			buildSettings = {
				ASSETCATALOG_COMPILER_APPICON_NAME = AppIcon;
				CODE_SIGN_STYLE = Automatic;
				DEVELOPMENT_ASSET_PATHS = "\"alephbeth/Preview Content\"";
				DEVELOPMENT_TEAM = J725X5QT6Y;
				ENABLE_PREVIEWS = YES;
				INFOPLIST_FILE = alephbeth/Info.plist;
				LD_RUNPATH_SEARCH_PATHS = (
					"$(inherited)",
					"@executable_path/Frameworks",
				);
				PRODUCT_BUNDLE_IDENTIFIER = jp.dommydyson.ios.alephbeth;
				PRODUCT_NAME = AlephBeth;
				SWIFT_VERSION = 5.0;
				TARGETED_DEVICE_FAMILY = "1,2";
			};
			name = Release;
		};
/* End XCBuildConfiguration section */

/* Begin XCConfigurationList section */
		D73BCE7F245BE8F2001B5A35 /* Build configuration list for PBXProject "alephbeth" */ = {
			isa = XCConfigurationList;
			buildConfigurations = (
				D73BCE96245BE8F7001B5A35 /* Debug */,
				D73BCE97245BE8F7001B5A35 /* Release */,
			);
			defaultConfigurationIsVisible = 0;
			defaultConfigurationName = Release;
		};
		D73BCE98245BE8F7001B5A35 /* Build configuration list for PBXNativeTarget "alephbeth" */ = {
			isa = XCConfigurationList;
			buildConfigurations = (
				D73BCE99245BE8F7001B5A35 /* Debug */,
				D73BCE9A245BE8F7001B5A35 /* Release */,
			);
			defaultConfigurationIsVisible = 0;
			defaultConfigurationName = Release;
		};
/* End XCConfigurationList section */
	};
	rootObject = D73BCE7C245BE8F2001B5A35 /* Project object */;
}
